
Microsoft Visual Studio Solution File, Format Version 12.00
# Visual Studio 15
VisualStudioVersion = 15.0.27428.2015
MinimumVisualStudioVersion = 10.0.40219.1
Project("{FAE04EC0-301F-11D3-BF4B-00C04F79EFBC}") = "PhotonMMORPG", "PhotonMMORPG\PhotonMMORPG.csproj", "{9AD01EE3-7D0E-4088-B1E2-38A08DC73068}"
EndProject
Project("{FAE04EC0-301F-11D3-BF4B-00C04F79EFBC}") = "PhotonMMORPG.Common", "PhotonMMORPG.Common\PhotonMMORPG.Common.csproj", "{1F578CDF-EA51-499E-8235-66FA60617E76}"
EndProject
Global
	GlobalSection(SolutionConfigurationPlatforms) = preSolution
		Debug|Any CPU = Debug|Any CPU
		Debug|x64 = Debug|x64
		Debug|x86 = Debug|x86
		Release|Any CPU = Release|Any CPU
		Release|x64 = Release|x64
		Release|x86 = Release|x86
	EndGlobalSection
	GlobalSection(ProjectConfigurationPlatforms) = postSolution
		{9AD01EE3-7D0E-4088-B1E2-38A08DC73068}.Debug|Any CPU.ActiveCfg = Debug|Any CPU
		{9AD01EE3-7D0E-4088-B1E2-38A08DC73068}.Debug|Any CPU.Build.0 = Debug|Any CPU
		{9AD01EE3-7D0E-4088-B1E2-38A08DC73068}.Debug|x64.ActiveCfg = Debug|Any CPU
		{9AD01EE3-7D0E-4088-B1E2-38A08DC73068}.Debug|x64.Build.0 = Debug|Any CPU
		{9AD01EE3-7D0E-4088-B1E2-38A08DC73068}.Debug|x86.ActiveCfg = Debug|Any CPU
		{9AD01EE3-7D0E-4088-B1E2-38A08DC73068}.Debug|x86.Build.0 = Debug|Any CPU
		{9AD01EE3-7D0E-4088-B1E2-38A08DC73068}.Release|Any CPU.ActiveCfg = Release|Any CPU
		{9AD01EE3-7D0E-4088-B1E2-38A08DC73068}.Release|Any CPU.Build.0 = Release|Any CPU
		{9AD01EE3-7D0E-4088-B1E2-38A08DC73068}.Release|x64.ActiveCfg = Release|Any CPU
		{9AD01EE3-7D0E-4088-B1E2-38A08DC73068}.Release|x64.Build.0 = Release|Any CPU
		{9AD01EE3-7D0E-4088-B1E2-38A08DC73068}.Release|x86.ActiveCfg = Release|Any CPU
		{9AD01EE3-7D0E-4088-B1E2-38A08DC73068}.Release|x86.Build.0 = Release|Any CPU
		{1F578CDF-EA51-499E-8235-66FA60617E76}.Debug|Any CPU.ActiveCfg = Debug|Any CPU
		{1F578CDF-EA51-499E-8235-66FA60617E76}.Debug|Any CPU.Build.0 = Debug|Any CPU
		{1F578CDF-EA51-499E-8235-66FA60617E76}.Debug|x64.ActiveCfg = Debug|Any CPU
		{1F578CDF-EA51-499E-8235-66FA60617E76}.Debug|x64.Build.0 = Debug|Any CPU
		{1F578CDF-EA51-499E-8235-66FA60617E76}.Debug|x86.ActiveCfg = Debug|Any CPU
		{1F578CDF-EA51-499E-8235-66FA60617E76}.Debug|x86.Build.0 = Debug|Any CPU
		{1F578CDF-EA51-499E-8235-66FA60617E76}.Release|Any CPU.ActiveCfg = Release|Any CPU
		{1F578CDF-EA51-499E-8235-66FA60617E76}.Release|Any CPU.Build.0 = Release|Any CPU
		{1F578CDF-EA51-499E-8235-66FA60617E76}.Release|x64.ActiveCfg = Release|Any CPU
		{1F578CDF-EA51-499E-8235-66FA60617E76}.Release|x64.Build.0 = Release|Any CPU
		{1F578CDF-EA51-499E-8235-66FA60617E76}.Release|x86.ActiveCfg = Release|Any CPU
		{1F578CDF-EA51-499E-8235-66FA60617E76}.Release|x86.Build.0 = Release|Any CPU
	EndGlobalSection
	GlobalSection(SolutionProperties) = preSolution
		HideSolutionNode = FALSE
	EndGlobalSection
	GlobalSection(ExtensibilityGlobals) = postSolution
		SolutionGuid = {37C0B09D-CF9B-43A3-A766-1C4C9FA4EE85}
	EndGlobalSection
EndGlobal
