
Microsoft Visual Studio Solution File, Format Version 12.00
# Visual Studio 15
VisualStudioVersion = 15.0.27428.2015
MinimumVisualStudioVersion = 10.0.40219.1
Project("{FAE04EC0-301F-11D3-BF4B-00C04F79EFBC}") = "GameServer", "PhotonMMORPG\GameServer.csproj", "{9AD01EE3-7D0E-4088-B1E2-38A08DC73068}"
EndProject
Project("{FAE04EC0-301F-11D3-BF4B-00C04F79EFBC}") = "PhotonMMORPG.Common", "PhotonMMORPG.Common\PhotonMMORPG.Common.csproj", "{1F578CDF-EA51-499E-8235-66FA60617E76}"
EndProject
Project("{FAE04EC0-301F-11D3-BF4B-00C04F79EFBC}") = "MGF-Photon", "MGF-Photon\MGF-Photon.csproj", "{236B2D49-0286-4E15-9CA3-0E3236A96096}"
EndProject
Project("{FAE04EC0-301F-11D3-BF4B-00C04F79EFBC}") = "MGF-Photon4", "MGF-Photon4\MGF-Photon4.csproj", "{9DA0FDDC-F74E-46F5-8C9C-4E13AC263AF6}"
EndProject
Project("{FAE04EC0-301F-11D3-BF4B-00C04F79EFBC}") = "Servers", "Servers\Servers.csproj", "{8770BEA4-BC86-4FEC-84C0-64F9AC949192}"
EndProject
Project("{FAE04EC0-301F-11D3-BF4B-00C04F79EFBC}") = "MGF.Domain", "MGF.Domain\MGF.Domain.csproj", "{86CB5889-C824-4C2A-9945-39B1190A8AB8}"
EndProject
Project("{FAE04EC0-301F-11D3-BF4B-00C04F79EFBC}") = "MGF.DataEntities", "MGF.DataEntities\MGF.DataEntities.csproj", "{45FFB60F-93EC-4FA0-A231-8366E89A8750}"
EndProject
Project("{FAE04EC0-301F-11D3-BF4B-00C04F79EFBC}") = "GameCommon", "GameCommon\GameCommon.csproj", "{208CE452-1ACC-41A8-BFEA-B3EF86B4C38C}"
EndProject
Project("{FAE04EC0-301F-11D3-BF4B-00C04F79EFBC}") = "DataBaseCreation", "DataBaseCreation\DataBaseCreation.csproj", "{1DA3F573-380B-4562-94ED-F84BB86575BE}"
EndProject
Project("{911E67C6-3D85-4FCE-B560-20A9C3E3FF48}") = "PhotonSocketServer", "..\..\Photon-OnPremise-Server-SDK_v4-0-29-11263\deploy\bin_Win64\PhotonSocketServer.exe", "{2941340A-B4CF-4A27-9E4A-4E06E570837A}"
	ProjectSection(DebuggerProjectSystem) = preProject
		PortSupplier = 00000000-0000-0000-0000-000000000000
		Executable = D:\workspace\Facultate-Master\Dizertatie\mmorpg-implementation-sem2\Server-project\Photon-OnPremise-Server-SDK_v4-0-29-11263\deploy\bin_Win64\PhotonSocketServer.exe
		RemoteMachine = DESKTOP-4FMT0IA
		StartingDirectory = D:\workspace\Facultate-Master\Dizertatie\mmorpg-implementation-sem2\Server-project\Photon-OnPremise-Server-SDK_v4-0-29-11263\deploy\bin_Win64
		Arguments = /debug TestServer
		Environment = Default
		LaunchingEngine = fb0d4648-f776-4980-95f8-bb7f36ebc1ee
		UseLegacyDebugEngines = No
		LaunchSQLEngine = No
		AttachLaunchAction = No
	EndProjectSection
EndProject
Project("{FAE04EC0-301F-11D3-BF4B-00C04F79EFBC}") = "MultiplayerGameFramework", "MultiplayerGameFramework\MultiplayerGameFramework.csproj", "{5F2593F7-1CE8-443B-B7C2-4D1DDE371324}"
EndProject
Global
	GlobalSection(SolutionConfigurationPlatforms) = preSolution
		Debug|Any CPU = Debug|Any CPU
		Debug|x64 = Debug|x64
		Debug|x86 = Debug|x86
		MySQLDebug|Any CPU = MySQLDebug|Any CPU
		MySQLDebug|x64 = MySQLDebug|x64
		MySQLDebug|x86 = MySQLDebug|x86
		MySQLRelease|Any CPU = MySQLRelease|Any CPU
		MySQLRelease|x64 = MySQLRelease|x64
		MySQLRelease|x86 = MySQLRelease|x86
		Release|Any CPU = Release|Any CPU
		Release|x64 = Release|x64
		Release|x86 = Release|x86
	EndGlobalSection
	GlobalSection(ProjectConfigurationPlatforms) = postSolution
		{9AD01EE3-7D0E-4088-B1E2-38A08DC73068}.Debug|Any CPU.ActiveCfg = Debug|Any CPU
		{9AD01EE3-7D0E-4088-B1E2-38A08DC73068}.Debug|Any CPU.Build.0 = Debug|Any CPU
		{9AD01EE3-7D0E-4088-B1E2-38A08DC73068}.Debug|x64.ActiveCfg = Debug|Any CPU
		{9AD01EE3-7D0E-4088-B1E2-38A08DC73068}.Debug|x64.Build.0 = Debug|Any CPU
		{9AD01EE3-7D0E-4088-B1E2-38A08DC73068}.Debug|x86.ActiveCfg = Debug|Any CPU
		{9AD01EE3-7D0E-4088-B1E2-38A08DC73068}.Debug|x86.Build.0 = Debug|Any CPU
		{9AD01EE3-7D0E-4088-B1E2-38A08DC73068}.MySQLDebug|Any CPU.ActiveCfg = Debug|Any CPU
		{9AD01EE3-7D0E-4088-B1E2-38A08DC73068}.MySQLDebug|Any CPU.Build.0 = Debug|Any CPU
		{9AD01EE3-7D0E-4088-B1E2-38A08DC73068}.MySQLDebug|x64.ActiveCfg = Debug|Any CPU
		{9AD01EE3-7D0E-4088-B1E2-38A08DC73068}.MySQLDebug|x64.Build.0 = Debug|Any CPU
		{9AD01EE3-7D0E-4088-B1E2-38A08DC73068}.MySQLDebug|x86.ActiveCfg = Debug|Any CPU
		{9AD01EE3-7D0E-4088-B1E2-38A08DC73068}.MySQLDebug|x86.Build.0 = Debug|Any CPU
		{9AD01EE3-7D0E-4088-B1E2-38A08DC73068}.MySQLRelease|Any CPU.ActiveCfg = Release|Any CPU
		{9AD01EE3-7D0E-4088-B1E2-38A08DC73068}.MySQLRelease|Any CPU.Build.0 = Release|Any CPU
		{9AD01EE3-7D0E-4088-B1E2-38A08DC73068}.MySQLRelease|x64.ActiveCfg = Release|Any CPU
		{9AD01EE3-7D0E-4088-B1E2-38A08DC73068}.MySQLRelease|x64.Build.0 = Release|Any CPU
		{9AD01EE3-7D0E-4088-B1E2-38A08DC73068}.MySQLRelease|x86.ActiveCfg = Release|Any CPU
		{9AD01EE3-7D0E-4088-B1E2-38A08DC73068}.MySQLRelease|x86.Build.0 = Release|Any CPU
		{9AD01EE3-7D0E-4088-B1E2-38A08DC73068}.Release|Any CPU.ActiveCfg = Release|Any CPU
		{9AD01EE3-7D0E-4088-B1E2-38A08DC73068}.Release|Any CPU.Build.0 = Release|Any CPU
		{9AD01EE3-7D0E-4088-B1E2-38A08DC73068}.Release|x64.ActiveCfg = Release|Any CPU
		{9AD01EE3-7D0E-4088-B1E2-38A08DC73068}.Release|x64.Build.0 = Release|Any CPU
		{9AD01EE3-7D0E-4088-B1E2-38A08DC73068}.Release|x86.ActiveCfg = Release|Any CPU
		{9AD01EE3-7D0E-4088-B1E2-38A08DC73068}.Release|x86.Build.0 = Release|Any CPU
		{1F578CDF-EA51-499E-8235-66FA60617E76}.Debug|Any CPU.ActiveCfg = Debug|Any CPU
		{1F578CDF-EA51-499E-8235-66FA60617E76}.Debug|Any CPU.Build.0 = Debug|Any CPU
		{1F578CDF-EA51-499E-8235-66FA60617E76}.Debug|x64.ActiveCfg = Debug|Any CPU
		{1F578CDF-EA51-499E-8235-66FA60617E76}.Debug|x64.Build.0 = Debug|Any CPU
		{1F578CDF-EA51-499E-8235-66FA60617E76}.Debug|x86.ActiveCfg = Debug|Any CPU
		{1F578CDF-EA51-499E-8235-66FA60617E76}.Debug|x86.Build.0 = Debug|Any CPU
		{1F578CDF-EA51-499E-8235-66FA60617E76}.MySQLDebug|Any CPU.ActiveCfg = Debug|Any CPU
		{1F578CDF-EA51-499E-8235-66FA60617E76}.MySQLDebug|Any CPU.Build.0 = Debug|Any CPU
		{1F578CDF-EA51-499E-8235-66FA60617E76}.MySQLDebug|x64.ActiveCfg = Debug|Any CPU
		{1F578CDF-EA51-499E-8235-66FA60617E76}.MySQLDebug|x64.Build.0 = Debug|Any CPU
		{1F578CDF-EA51-499E-8235-66FA60617E76}.MySQLDebug|x86.ActiveCfg = Debug|Any CPU
		{1F578CDF-EA51-499E-8235-66FA60617E76}.MySQLDebug|x86.Build.0 = Debug|Any CPU
		{1F578CDF-EA51-499E-8235-66FA60617E76}.MySQLRelease|Any CPU.ActiveCfg = Release|Any CPU
		{1F578CDF-EA51-499E-8235-66FA60617E76}.MySQLRelease|Any CPU.Build.0 = Release|Any CPU
		{1F578CDF-EA51-499E-8235-66FA60617E76}.MySQLRelease|x64.ActiveCfg = Release|Any CPU
		{1F578CDF-EA51-499E-8235-66FA60617E76}.MySQLRelease|x64.Build.0 = Release|Any CPU
		{1F578CDF-EA51-499E-8235-66FA60617E76}.MySQLRelease|x86.ActiveCfg = Release|Any CPU
		{1F578CDF-EA51-499E-8235-66FA60617E76}.MySQLRelease|x86.Build.0 = Release|Any CPU
		{1F578CDF-EA51-499E-8235-66FA60617E76}.Release|Any CPU.ActiveCfg = Release|Any CPU
		{1F578CDF-EA51-499E-8235-66FA60617E76}.Release|Any CPU.Build.0 = Release|Any CPU
		{1F578CDF-EA51-499E-8235-66FA60617E76}.Release|x64.ActiveCfg = Release|Any CPU
		{1F578CDF-EA51-499E-8235-66FA60617E76}.Release|x64.Build.0 = Release|Any CPU
		{1F578CDF-EA51-499E-8235-66FA60617E76}.Release|x86.ActiveCfg = Release|Any CPU
		{1F578CDF-EA51-499E-8235-66FA60617E76}.Release|x86.Build.0 = Release|Any CPU
		{236B2D49-0286-4E15-9CA3-0E3236A96096}.Debug|Any CPU.ActiveCfg = Debug|Any CPU
		{236B2D49-0286-4E15-9CA3-0E3236A96096}.Debug|Any CPU.Build.0 = Debug|Any CPU
		{236B2D49-0286-4E15-9CA3-0E3236A96096}.Debug|x64.ActiveCfg = Debug|Any CPU
		{236B2D49-0286-4E15-9CA3-0E3236A96096}.Debug|x64.Build.0 = Debug|Any CPU
		{236B2D49-0286-4E15-9CA3-0E3236A96096}.Debug|x86.ActiveCfg = Debug|Any CPU
		{236B2D49-0286-4E15-9CA3-0E3236A96096}.Debug|x86.Build.0 = Debug|Any CPU
		{236B2D49-0286-4E15-9CA3-0E3236A96096}.MySQLDebug|Any CPU.ActiveCfg = Debug|Any CPU
		{236B2D49-0286-4E15-9CA3-0E3236A96096}.MySQLDebug|Any CPU.Build.0 = Debug|Any CPU
		{236B2D49-0286-4E15-9CA3-0E3236A96096}.MySQLDebug|x64.ActiveCfg = Debug|Any CPU
		{236B2D49-0286-4E15-9CA3-0E3236A96096}.MySQLDebug|x64.Build.0 = Debug|Any CPU
		{236B2D49-0286-4E15-9CA3-0E3236A96096}.MySQLDebug|x86.ActiveCfg = Debug|Any CPU
		{236B2D49-0286-4E15-9CA3-0E3236A96096}.MySQLDebug|x86.Build.0 = Debug|Any CPU
		{236B2D49-0286-4E15-9CA3-0E3236A96096}.MySQLRelease|Any CPU.ActiveCfg = Release|Any CPU
		{236B2D49-0286-4E15-9CA3-0E3236A96096}.MySQLRelease|Any CPU.Build.0 = Release|Any CPU
		{236B2D49-0286-4E15-9CA3-0E3236A96096}.MySQLRelease|x64.ActiveCfg = Release|Any CPU
		{236B2D49-0286-4E15-9CA3-0E3236A96096}.MySQLRelease|x64.Build.0 = Release|Any CPU
		{236B2D49-0286-4E15-9CA3-0E3236A96096}.MySQLRelease|x86.ActiveCfg = Release|Any CPU
		{236B2D49-0286-4E15-9CA3-0E3236A96096}.MySQLRelease|x86.Build.0 = Release|Any CPU
		{236B2D49-0286-4E15-9CA3-0E3236A96096}.Release|Any CPU.ActiveCfg = Release|Any CPU
		{236B2D49-0286-4E15-9CA3-0E3236A96096}.Release|Any CPU.Build.0 = Release|Any CPU
		{236B2D49-0286-4E15-9CA3-0E3236A96096}.Release|x64.ActiveCfg = Release|Any CPU
		{236B2D49-0286-4E15-9CA3-0E3236A96096}.Release|x64.Build.0 = Release|Any CPU
		{236B2D49-0286-4E15-9CA3-0E3236A96096}.Release|x86.ActiveCfg = Release|Any CPU
		{236B2D49-0286-4E15-9CA3-0E3236A96096}.Release|x86.Build.0 = Release|Any CPU
		{9DA0FDDC-F74E-46F5-8C9C-4E13AC263AF6}.Debug|Any CPU.ActiveCfg = Debug|Any CPU
		{9DA0FDDC-F74E-46F5-8C9C-4E13AC263AF6}.Debug|Any CPU.Build.0 = Debug|Any CPU
		{9DA0FDDC-F74E-46F5-8C9C-4E13AC263AF6}.Debug|x64.ActiveCfg = Debug|Any CPU
		{9DA0FDDC-F74E-46F5-8C9C-4E13AC263AF6}.Debug|x64.Build.0 = Debug|Any CPU
		{9DA0FDDC-F74E-46F5-8C9C-4E13AC263AF6}.Debug|x86.ActiveCfg = Debug|Any CPU
		{9DA0FDDC-F74E-46F5-8C9C-4E13AC263AF6}.Debug|x86.Build.0 = Debug|Any CPU
		{9DA0FDDC-F74E-46F5-8C9C-4E13AC263AF6}.MySQLDebug|Any CPU.ActiveCfg = Debug|Any CPU
		{9DA0FDDC-F74E-46F5-8C9C-4E13AC263AF6}.MySQLDebug|Any CPU.Build.0 = Debug|Any CPU
		{9DA0FDDC-F74E-46F5-8C9C-4E13AC263AF6}.MySQLDebug|x64.ActiveCfg = Debug|Any CPU
		{9DA0FDDC-F74E-46F5-8C9C-4E13AC263AF6}.MySQLDebug|x64.Build.0 = Debug|Any CPU
		{9DA0FDDC-F74E-46F5-8C9C-4E13AC263AF6}.MySQLDebug|x86.ActiveCfg = Debug|Any CPU
		{9DA0FDDC-F74E-46F5-8C9C-4E13AC263AF6}.MySQLDebug|x86.Build.0 = Debug|Any CPU
		{9DA0FDDC-F74E-46F5-8C9C-4E13AC263AF6}.MySQLRelease|Any CPU.ActiveCfg = Release|Any CPU
		{9DA0FDDC-F74E-46F5-8C9C-4E13AC263AF6}.MySQLRelease|Any CPU.Build.0 = Release|Any CPU
		{9DA0FDDC-F74E-46F5-8C9C-4E13AC263AF6}.MySQLRelease|x64.ActiveCfg = Release|Any CPU
		{9DA0FDDC-F74E-46F5-8C9C-4E13AC263AF6}.MySQLRelease|x64.Build.0 = Release|Any CPU
		{9DA0FDDC-F74E-46F5-8C9C-4E13AC263AF6}.MySQLRelease|x86.ActiveCfg = Release|Any CPU
		{9DA0FDDC-F74E-46F5-8C9C-4E13AC263AF6}.MySQLRelease|x86.Build.0 = Release|Any CPU
		{9DA0FDDC-F74E-46F5-8C9C-4E13AC263AF6}.Release|Any CPU.ActiveCfg = Release|Any CPU
		{9DA0FDDC-F74E-46F5-8C9C-4E13AC263AF6}.Release|Any CPU.Build.0 = Release|Any CPU
		{9DA0FDDC-F74E-46F5-8C9C-4E13AC263AF6}.Release|x64.ActiveCfg = Release|Any CPU
		{9DA0FDDC-F74E-46F5-8C9C-4E13AC263AF6}.Release|x64.Build.0 = Release|Any CPU
		{9DA0FDDC-F74E-46F5-8C9C-4E13AC263AF6}.Release|x86.ActiveCfg = Release|Any CPU
		{9DA0FDDC-F74E-46F5-8C9C-4E13AC263AF6}.Release|x86.Build.0 = Release|Any CPU
		{8770BEA4-BC86-4FEC-84C0-64F9AC949192}.Debug|Any CPU.ActiveCfg = Debug|Any CPU
		{8770BEA4-BC86-4FEC-84C0-64F9AC949192}.Debug|Any CPU.Build.0 = Debug|Any CPU
		{8770BEA4-BC86-4FEC-84C0-64F9AC949192}.Debug|x64.ActiveCfg = Debug|Any CPU
		{8770BEA4-BC86-4FEC-84C0-64F9AC949192}.Debug|x64.Build.0 = Debug|Any CPU
		{8770BEA4-BC86-4FEC-84C0-64F9AC949192}.Debug|x86.ActiveCfg = Debug|Any CPU
		{8770BEA4-BC86-4FEC-84C0-64F9AC949192}.Debug|x86.Build.0 = Debug|Any CPU
		{8770BEA4-BC86-4FEC-84C0-64F9AC949192}.MySQLDebug|Any CPU.ActiveCfg = Debug|Any CPU
		{8770BEA4-BC86-4FEC-84C0-64F9AC949192}.MySQLDebug|Any CPU.Build.0 = Debug|Any CPU
		{8770BEA4-BC86-4FEC-84C0-64F9AC949192}.MySQLDebug|x64.ActiveCfg = Debug|Any CPU
		{8770BEA4-BC86-4FEC-84C0-64F9AC949192}.MySQLDebug|x64.Build.0 = Debug|Any CPU
		{8770BEA4-BC86-4FEC-84C0-64F9AC949192}.MySQLDebug|x86.ActiveCfg = Debug|Any CPU
		{8770BEA4-BC86-4FEC-84C0-64F9AC949192}.MySQLDebug|x86.Build.0 = Debug|Any CPU
		{8770BEA4-BC86-4FEC-84C0-64F9AC949192}.MySQLRelease|Any CPU.ActiveCfg = Release|Any CPU
		{8770BEA4-BC86-4FEC-84C0-64F9AC949192}.MySQLRelease|Any CPU.Build.0 = Release|Any CPU
		{8770BEA4-BC86-4FEC-84C0-64F9AC949192}.MySQLRelease|x64.ActiveCfg = Release|Any CPU
		{8770BEA4-BC86-4FEC-84C0-64F9AC949192}.MySQLRelease|x64.Build.0 = Release|Any CPU
		{8770BEA4-BC86-4FEC-84C0-64F9AC949192}.MySQLRelease|x86.ActiveCfg = Release|Any CPU
		{8770BEA4-BC86-4FEC-84C0-64F9AC949192}.MySQLRelease|x86.Build.0 = Release|Any CPU
		{8770BEA4-BC86-4FEC-84C0-64F9AC949192}.Release|Any CPU.ActiveCfg = Release|Any CPU
		{8770BEA4-BC86-4FEC-84C0-64F9AC949192}.Release|Any CPU.Build.0 = Release|Any CPU
		{8770BEA4-BC86-4FEC-84C0-64F9AC949192}.Release|x64.ActiveCfg = Release|Any CPU
		{8770BEA4-BC86-4FEC-84C0-64F9AC949192}.Release|x64.Build.0 = Release|Any CPU
		{8770BEA4-BC86-4FEC-84C0-64F9AC949192}.Release|x86.ActiveCfg = Release|Any CPU
		{8770BEA4-BC86-4FEC-84C0-64F9AC949192}.Release|x86.Build.0 = Release|Any CPU
		{86CB5889-C824-4C2A-9945-39B1190A8AB8}.Debug|Any CPU.ActiveCfg = Debug|Any CPU
		{86CB5889-C824-4C2A-9945-39B1190A8AB8}.Debug|Any CPU.Build.0 = Debug|Any CPU
		{86CB5889-C824-4C2A-9945-39B1190A8AB8}.Debug|x64.ActiveCfg = Debug|Any CPU
		{86CB5889-C824-4C2A-9945-39B1190A8AB8}.Debug|x64.Build.0 = Debug|Any CPU
		{86CB5889-C824-4C2A-9945-39B1190A8AB8}.Debug|x86.ActiveCfg = Debug|Any CPU
		{86CB5889-C824-4C2A-9945-39B1190A8AB8}.Debug|x86.Build.0 = Debug|Any CPU
		{86CB5889-C824-4C2A-9945-39B1190A8AB8}.MySQLDebug|Any CPU.ActiveCfg = Debug|Any CPU
		{86CB5889-C824-4C2A-9945-39B1190A8AB8}.MySQLDebug|Any CPU.Build.0 = Debug|Any CPU
		{86CB5889-C824-4C2A-9945-39B1190A8AB8}.MySQLDebug|x64.ActiveCfg = Debug|Any CPU
		{86CB5889-C824-4C2A-9945-39B1190A8AB8}.MySQLDebug|x64.Build.0 = Debug|Any CPU
		{86CB5889-C824-4C2A-9945-39B1190A8AB8}.MySQLDebug|x86.ActiveCfg = Debug|Any CPU
		{86CB5889-C824-4C2A-9945-39B1190A8AB8}.MySQLDebug|x86.Build.0 = Debug|Any CPU
		{86CB5889-C824-4C2A-9945-39B1190A8AB8}.MySQLRelease|Any CPU.ActiveCfg = Release|Any CPU
		{86CB5889-C824-4C2A-9945-39B1190A8AB8}.MySQLRelease|Any CPU.Build.0 = Release|Any CPU
		{86CB5889-C824-4C2A-9945-39B1190A8AB8}.MySQLRelease|x64.ActiveCfg = Release|Any CPU
		{86CB5889-C824-4C2A-9945-39B1190A8AB8}.MySQLRelease|x64.Build.0 = Release|Any CPU
		{86CB5889-C824-4C2A-9945-39B1190A8AB8}.MySQLRelease|x86.ActiveCfg = Release|Any CPU
		{86CB5889-C824-4C2A-9945-39B1190A8AB8}.MySQLRelease|x86.Build.0 = Release|Any CPU
		{86CB5889-C824-4C2A-9945-39B1190A8AB8}.Release|Any CPU.ActiveCfg = Release|Any CPU
		{86CB5889-C824-4C2A-9945-39B1190A8AB8}.Release|Any CPU.Build.0 = Release|Any CPU
		{86CB5889-C824-4C2A-9945-39B1190A8AB8}.Release|x64.ActiveCfg = Release|Any CPU
		{86CB5889-C824-4C2A-9945-39B1190A8AB8}.Release|x64.Build.0 = Release|Any CPU
		{86CB5889-C824-4C2A-9945-39B1190A8AB8}.Release|x86.ActiveCfg = Release|Any CPU
		{86CB5889-C824-4C2A-9945-39B1190A8AB8}.Release|x86.Build.0 = Release|Any CPU
		{45FFB60F-93EC-4FA0-A231-8366E89A8750}.Debug|Any CPU.ActiveCfg = Debug|Any CPU
		{45FFB60F-93EC-4FA0-A231-8366E89A8750}.Debug|Any CPU.Build.0 = Debug|Any CPU
		{45FFB60F-93EC-4FA0-A231-8366E89A8750}.Debug|x64.ActiveCfg = Debug|Any CPU
		{45FFB60F-93EC-4FA0-A231-8366E89A8750}.Debug|x64.Build.0 = Debug|Any CPU
		{45FFB60F-93EC-4FA0-A231-8366E89A8750}.Debug|x86.ActiveCfg = Debug|Any CPU
		{45FFB60F-93EC-4FA0-A231-8366E89A8750}.Debug|x86.Build.0 = Debug|Any CPU
		{45FFB60F-93EC-4FA0-A231-8366E89A8750}.MySQLDebug|Any CPU.ActiveCfg = Debug|Any CPU
		{45FFB60F-93EC-4FA0-A231-8366E89A8750}.MySQLDebug|Any CPU.Build.0 = Debug|Any CPU
		{45FFB60F-93EC-4FA0-A231-8366E89A8750}.MySQLDebug|x64.ActiveCfg = Debug|Any CPU
		{45FFB60F-93EC-4FA0-A231-8366E89A8750}.MySQLDebug|x64.Build.0 = Debug|Any CPU
		{45FFB60F-93EC-4FA0-A231-8366E89A8750}.MySQLDebug|x86.ActiveCfg = Debug|Any CPU
		{45FFB60F-93EC-4FA0-A231-8366E89A8750}.MySQLDebug|x86.Build.0 = Debug|Any CPU
		{45FFB60F-93EC-4FA0-A231-8366E89A8750}.MySQLRelease|Any CPU.ActiveCfg = Release|Any CPU
		{45FFB60F-93EC-4FA0-A231-8366E89A8750}.MySQLRelease|Any CPU.Build.0 = Release|Any CPU
		{45FFB60F-93EC-4FA0-A231-8366E89A8750}.MySQLRelease|x64.ActiveCfg = Release|Any CPU
		{45FFB60F-93EC-4FA0-A231-8366E89A8750}.MySQLRelease|x64.Build.0 = Release|Any CPU
		{45FFB60F-93EC-4FA0-A231-8366E89A8750}.MySQLRelease|x86.ActiveCfg = Release|Any CPU
		{45FFB60F-93EC-4FA0-A231-8366E89A8750}.MySQLRelease|x86.Build.0 = Release|Any CPU
		{45FFB60F-93EC-4FA0-A231-8366E89A8750}.Release|Any CPU.ActiveCfg = Release|Any CPU
		{45FFB60F-93EC-4FA0-A231-8366E89A8750}.Release|Any CPU.Build.0 = Release|Any CPU
		{45FFB60F-93EC-4FA0-A231-8366E89A8750}.Release|x64.ActiveCfg = Release|Any CPU
		{45FFB60F-93EC-4FA0-A231-8366E89A8750}.Release|x64.Build.0 = Release|Any CPU
		{45FFB60F-93EC-4FA0-A231-8366E89A8750}.Release|x86.ActiveCfg = Release|Any CPU
		{45FFB60F-93EC-4FA0-A231-8366E89A8750}.Release|x86.Build.0 = Release|Any CPU
		{208CE452-1ACC-41A8-BFEA-B3EF86B4C38C}.Debug|Any CPU.ActiveCfg = Debug|Any CPU
		{208CE452-1ACC-41A8-BFEA-B3EF86B4C38C}.Debug|Any CPU.Build.0 = Debug|Any CPU
		{208CE452-1ACC-41A8-BFEA-B3EF86B4C38C}.Debug|x64.ActiveCfg = Debug|Any CPU
		{208CE452-1ACC-41A8-BFEA-B3EF86B4C38C}.Debug|x64.Build.0 = Debug|Any CPU
		{208CE452-1ACC-41A8-BFEA-B3EF86B4C38C}.Debug|x86.ActiveCfg = Debug|Any CPU
		{208CE452-1ACC-41A8-BFEA-B3EF86B4C38C}.Debug|x86.Build.0 = Debug|Any CPU
		{208CE452-1ACC-41A8-BFEA-B3EF86B4C38C}.MySQLDebug|Any CPU.ActiveCfg = Debug|Any CPU
		{208CE452-1ACC-41A8-BFEA-B3EF86B4C38C}.MySQLDebug|Any CPU.Build.0 = Debug|Any CPU
		{208CE452-1ACC-41A8-BFEA-B3EF86B4C38C}.MySQLDebug|x64.ActiveCfg = Debug|Any CPU
		{208CE452-1ACC-41A8-BFEA-B3EF86B4C38C}.MySQLDebug|x64.Build.0 = Debug|Any CPU
		{208CE452-1ACC-41A8-BFEA-B3EF86B4C38C}.MySQLDebug|x86.ActiveCfg = Debug|Any CPU
		{208CE452-1ACC-41A8-BFEA-B3EF86B4C38C}.MySQLDebug|x86.Build.0 = Debug|Any CPU
		{208CE452-1ACC-41A8-BFEA-B3EF86B4C38C}.MySQLRelease|Any CPU.ActiveCfg = Release|Any CPU
		{208CE452-1ACC-41A8-BFEA-B3EF86B4C38C}.MySQLRelease|Any CPU.Build.0 = Release|Any CPU
		{208CE452-1ACC-41A8-BFEA-B3EF86B4C38C}.MySQLRelease|x64.ActiveCfg = Release|Any CPU
		{208CE452-1ACC-41A8-BFEA-B3EF86B4C38C}.MySQLRelease|x64.Build.0 = Release|Any CPU
		{208CE452-1ACC-41A8-BFEA-B3EF86B4C38C}.MySQLRelease|x86.ActiveCfg = Release|Any CPU
		{208CE452-1ACC-41A8-BFEA-B3EF86B4C38C}.MySQLRelease|x86.Build.0 = Release|Any CPU
		{208CE452-1ACC-41A8-BFEA-B3EF86B4C38C}.Release|Any CPU.ActiveCfg = Release|Any CPU
		{208CE452-1ACC-41A8-BFEA-B3EF86B4C38C}.Release|Any CPU.Build.0 = Release|Any CPU
		{208CE452-1ACC-41A8-BFEA-B3EF86B4C38C}.Release|x64.ActiveCfg = Release|Any CPU
		{208CE452-1ACC-41A8-BFEA-B3EF86B4C38C}.Release|x64.Build.0 = Release|Any CPU
		{208CE452-1ACC-41A8-BFEA-B3EF86B4C38C}.Release|x86.ActiveCfg = Release|Any CPU
		{208CE452-1ACC-41A8-BFEA-B3EF86B4C38C}.Release|x86.Build.0 = Release|Any CPU
		{1DA3F573-380B-4562-94ED-F84BB86575BE}.Debug|Any CPU.ActiveCfg = Debug|Any CPU
		{1DA3F573-380B-4562-94ED-F84BB86575BE}.Debug|Any CPU.Build.0 = Debug|Any CPU
		{1DA3F573-380B-4562-94ED-F84BB86575BE}.Debug|x64.ActiveCfg = Debug|Any CPU
		{1DA3F573-380B-4562-94ED-F84BB86575BE}.Debug|x64.Build.0 = Debug|Any CPU
		{1DA3F573-380B-4562-94ED-F84BB86575BE}.Debug|x86.ActiveCfg = Debug|Any CPU
		{1DA3F573-380B-4562-94ED-F84BB86575BE}.Debug|x86.Build.0 = Debug|Any CPU
		{1DA3F573-380B-4562-94ED-F84BB86575BE}.MySQLDebug|Any CPU.ActiveCfg = Debug|Any CPU
		{1DA3F573-380B-4562-94ED-F84BB86575BE}.MySQLDebug|Any CPU.Build.0 = Debug|Any CPU
		{1DA3F573-380B-4562-94ED-F84BB86575BE}.MySQLDebug|x64.ActiveCfg = Debug|Any CPU
		{1DA3F573-380B-4562-94ED-F84BB86575BE}.MySQLDebug|x64.Build.0 = Debug|Any CPU
		{1DA3F573-380B-4562-94ED-F84BB86575BE}.MySQLDebug|x86.ActiveCfg = Debug|Any CPU
		{1DA3F573-380B-4562-94ED-F84BB86575BE}.MySQLDebug|x86.Build.0 = Debug|Any CPU
		{1DA3F573-380B-4562-94ED-F84BB86575BE}.MySQLRelease|Any CPU.ActiveCfg = Release|Any CPU
		{1DA3F573-380B-4562-94ED-F84BB86575BE}.MySQLRelease|Any CPU.Build.0 = Release|Any CPU
		{1DA3F573-380B-4562-94ED-F84BB86575BE}.MySQLRelease|x64.ActiveCfg = Release|Any CPU
		{1DA3F573-380B-4562-94ED-F84BB86575BE}.MySQLRelease|x64.Build.0 = Release|Any CPU
		{1DA3F573-380B-4562-94ED-F84BB86575BE}.MySQLRelease|x86.ActiveCfg = Release|Any CPU
		{1DA3F573-380B-4562-94ED-F84BB86575BE}.MySQLRelease|x86.Build.0 = Release|Any CPU
		{1DA3F573-380B-4562-94ED-F84BB86575BE}.Release|Any CPU.ActiveCfg = Release|Any CPU
		{1DA3F573-380B-4562-94ED-F84BB86575BE}.Release|Any CPU.Build.0 = Release|Any CPU
		{1DA3F573-380B-4562-94ED-F84BB86575BE}.Release|x64.ActiveCfg = Release|Any CPU
		{1DA3F573-380B-4562-94ED-F84BB86575BE}.Release|x64.Build.0 = Release|Any CPU
		{1DA3F573-380B-4562-94ED-F84BB86575BE}.Release|x86.ActiveCfg = Release|Any CPU
		{1DA3F573-380B-4562-94ED-F84BB86575BE}.Release|x86.Build.0 = Release|Any CPU
		{2941340A-B4CF-4A27-9E4A-4E06E570837A}.Debug|Any CPU.ActiveCfg = Release|x64
		{2941340A-B4CF-4A27-9E4A-4E06E570837A}.Debug|x64.ActiveCfg = Release|x64
		{2941340A-B4CF-4A27-9E4A-4E06E570837A}.Debug|x86.ActiveCfg = Release|x64
		{2941340A-B4CF-4A27-9E4A-4E06E570837A}.MySQLDebug|Any CPU.ActiveCfg = Release|x64
		{2941340A-B4CF-4A27-9E4A-4E06E570837A}.MySQLDebug|x64.ActiveCfg = Release|x64
		{2941340A-B4CF-4A27-9E4A-4E06E570837A}.MySQLDebug|x86.ActiveCfg = Release|x64
		{2941340A-B4CF-4A27-9E4A-4E06E570837A}.MySQLRelease|Any CPU.ActiveCfg = Release|x64
		{2941340A-B4CF-4A27-9E4A-4E06E570837A}.MySQLRelease|x64.ActiveCfg = Release|x64
		{2941340A-B4CF-4A27-9E4A-4E06E570837A}.MySQLRelease|x86.ActiveCfg = Release|x64
		{2941340A-B4CF-4A27-9E4A-4E06E570837A}.Release|Any CPU.ActiveCfg = Release|x64
		{2941340A-B4CF-4A27-9E4A-4E06E570837A}.Release|x64.ActiveCfg = Release|x64
		{2941340A-B4CF-4A27-9E4A-4E06E570837A}.Release|x86.ActiveCfg = Release|x64
		{5F2593F7-1CE8-443B-B7C2-4D1DDE371324}.Debug|Any CPU.ActiveCfg = Debug|Any CPU
		{5F2593F7-1CE8-443B-B7C2-4D1DDE371324}.Debug|Any CPU.Build.0 = Debug|Any CPU
		{5F2593F7-1CE8-443B-B7C2-4D1DDE371324}.Debug|x64.ActiveCfg = Debug|Any CPU
		{5F2593F7-1CE8-443B-B7C2-4D1DDE371324}.Debug|x64.Build.0 = Debug|Any CPU
		{5F2593F7-1CE8-443B-B7C2-4D1DDE371324}.Debug|x86.ActiveCfg = Debug|Any CPU
		{5F2593F7-1CE8-443B-B7C2-4D1DDE371324}.Debug|x86.Build.0 = Debug|Any CPU
		{5F2593F7-1CE8-443B-B7C2-4D1DDE371324}.MySQLDebug|Any CPU.ActiveCfg = MySQLDebug|Any CPU
		{5F2593F7-1CE8-443B-B7C2-4D1DDE371324}.MySQLDebug|Any CPU.Build.0 = MySQLDebug|Any CPU
		{5F2593F7-1CE8-443B-B7C2-4D1DDE371324}.MySQLDebug|x64.ActiveCfg = MySQLDebug|Any CPU
		{5F2593F7-1CE8-443B-B7C2-4D1DDE371324}.MySQLDebug|x64.Build.0 = MySQLDebug|Any CPU
		{5F2593F7-1CE8-443B-B7C2-4D1DDE371324}.MySQLDebug|x86.ActiveCfg = MySQLDebug|Any CPU
		{5F2593F7-1CE8-443B-B7C2-4D1DDE371324}.MySQLDebug|x86.Build.0 = MySQLDebug|Any CPU
		{5F2593F7-1CE8-443B-B7C2-4D1DDE371324}.MySQLRelease|Any CPU.ActiveCfg = MySQLRelease|Any CPU
		{5F2593F7-1CE8-443B-B7C2-4D1DDE371324}.MySQLRelease|Any CPU.Build.0 = MySQLRelease|Any CPU
		{5F2593F7-1CE8-443B-B7C2-4D1DDE371324}.MySQLRelease|x64.ActiveCfg = MySQLRelease|Any CPU
		{5F2593F7-1CE8-443B-B7C2-4D1DDE371324}.MySQLRelease|x64.Build.0 = MySQLRelease|Any CPU
		{5F2593F7-1CE8-443B-B7C2-4D1DDE371324}.MySQLRelease|x86.ActiveCfg = MySQLRelease|Any CPU
		{5F2593F7-1CE8-443B-B7C2-4D1DDE371324}.MySQLRelease|x86.Build.0 = MySQLRelease|Any CPU
		{5F2593F7-1CE8-443B-B7C2-4D1DDE371324}.Release|Any CPU.ActiveCfg = Release|Any CPU
		{5F2593F7-1CE8-443B-B7C2-4D1DDE371324}.Release|Any CPU.Build.0 = Release|Any CPU
		{5F2593F7-1CE8-443B-B7C2-4D1DDE371324}.Release|x64.ActiveCfg = Release|Any CPU
		{5F2593F7-1CE8-443B-B7C2-4D1DDE371324}.Release|x64.Build.0 = Release|Any CPU
		{5F2593F7-1CE8-443B-B7C2-4D1DDE371324}.Release|x86.ActiveCfg = Release|Any CPU
		{5F2593F7-1CE8-443B-B7C2-4D1DDE371324}.Release|x86.Build.0 = Release|Any CPU
	EndGlobalSection
	GlobalSection(SolutionProperties) = preSolution
		HideSolutionNode = FALSE
	EndGlobalSection
	GlobalSection(ExtensibilityGlobals) = postSolution
		SolutionGuid = {37C0B09D-CF9B-43A3-A766-1C4C9FA4EE85}
	EndGlobalSection
EndGlobal
